<?xml version="1.0" encoding="utf-8"?>
<Project ToolsVersion="4.0" xmlns="http://schemas.microsoft.com/developer/msbuild/2003">
  <ItemGroup>
    <Filter Include="Framework">
      <UniqueIdentifier>{d6fd58f3-15bf-403a-a4e3-a2c8a060aafb}</UniqueIdentifier>
    </Filter>
    <Filter Include="Framework\DataType">
      <UniqueIdentifier>{e4e9f4f1-e9f6-415f-908f-e65f6945e215}</UniqueIdentifier>
    </Filter>
    <Filter Include="Framework\DataType\Point">
      <UniqueIdentifier>{6d002f25-ca4a-446c-9fab-60b66df434c1}</UniqueIdentifier>
    </Filter>
    <Filter Include="Framework\DataType\Rect">
      <UniqueIdentifier>{20c1c76d-2159-4e5c-8505-a3cdb250f6a0}</UniqueIdentifier>
    </Filter>
    <Filter Include="Framework\DataType\Size">
      <UniqueIdentifier>{b4365fa4-e650-4961-bf86-e2e7e7e4cf78}</UniqueIdentifier>
    </Filter>
  </ItemGroup>
  <ItemGroup>
    <ClCompile Include="Point.cpp">
      <Filter>Framework\DataType\Point</Filter>
    </ClCompile>
    <ClCompile Include="Rect.cpp">
      <Filter>Framework\DataType\Rect</Filter>
    </ClCompile>
    <ClCompile Include="Size.cpp">
      <Filter>Framework\DataType\Size</Filter>
    </ClCompile>
    <ClCompile Include="main.cpp" />
  </ItemGroup>
  <ItemGroup>
    <ClInclude Include="Point.h">
      <Filter>Framework\DataType\Point</Filter>
    </ClInclude>
    <ClInclude Include="Rect.h">
      <Filter>Framework\DataType\Rect</Filter>
    </ClInclude>
    <ClInclude Include="Size.h">
      <Filter>Framework\DataType\Size</Filter>
    </ClInclude>
    <ClInclude Include="define.h">
      <Filter>Framework</Filter>
    </ClInclude>
  </ItemGroup>
</Project>